// !$*UTF8*$!
{
	archiveVersion = 1;
	classes = {
	};
	objectVersion = 55;
	objects = {

/* Begin PBXBuildFile section */
		C923780830A8D65A5414519F /* Pods_ClimbingHub.framework in Frameworks */ = {isa = PBXBuildFile; fileRef = 85692B7B2BC7387F29343E2A /* Pods_ClimbingHub.framework */; };
		E205A87927AD174C002BA08B /* TabBarController.swift in Sources */ = {isa = PBXBuildFile; fileRef = E205A87827AD174C002BA08B /* TabBarController.swift */; };
		E205A87B27AD18B2002BA08B /* StatisticsCollectionViewController.swift in Sources */ = {isa = PBXBuildFile; fileRef = E205A87A27AD18B2002BA08B /* StatisticsCollectionViewController.swift */; };
		E205A87D27AD18F1002BA08B /* WorkoutCollectionViewCell.swift in Sources */ = {isa = PBXBuildFile; fileRef = E205A87C27AD18F1002BA08B /* WorkoutCollectionViewCell.swift */; };
		E205A87F27AD2A55002BA08B /* WorkoutViewController.swift in Sources */ = {isa = PBXBuildFile; fileRef = E205A87E27AD2A55002BA08B /* WorkoutViewController.swift */; };
		E205A88127AD4DD0002BA08B /* FingerWorkoutViewController.swift in Sources */ = {isa = PBXBuildFile; fileRef = E205A88027AD4DD0002BA08B /* FingerWorkoutViewController.swift */; };
		E22E7B2127BECA5C00ADE4C3 /* StatisticsCollectionViewCell.swift in Sources */ = {isa = PBXBuildFile; fileRef = E22E7B2027BECA5C00ADE4C3 /* StatisticsCollectionViewCell.swift */; };
		E23678BE280469F90043F3E9 /* FingerWorkoutCustomGoalViewController.swift in Sources */ = {isa = PBXBuildFile; fileRef = E23678BD280469F90043F3E9 /* FingerWorkoutCustomGoalViewController.swift */; };
		E2401EEB282B99CA0098CDB4 /* ProfileManagementTableViewController.swift in Sources */ = {isa = PBXBuildFile; fileRef = E2401EEA282B99CA0098CDB4 /* ProfileManagementTableViewController.swift */; };
		E2401EED282BFB270098CDB4 /* NameChangingTableViewController.swift in Sources */ = {isa = PBXBuildFile; fileRef = E2401EEC282BFB270098CDB4 /* NameChangingTableViewController.swift */; };
		E2401EEF2830EBE90098CDB4 /* DeleteAccountViewController.swift in Sources */ = {isa = PBXBuildFile; fileRef = E2401EEE2830EBE90098CDB4 /* DeleteAccountViewController.swift */; };
		E24DCBAE27ECD9230002A7FC /* ShowMoreButtonHeaderView.swift in Sources */ = {isa = PBXBuildFile; fileRef = E24DCBAA27ECD9230002A7FC /* ShowMoreButtonHeaderView.swift */; };
		E24DCBAF27ECD9230002A7FC /* SectionHeaderView.swift in Sources */ = {isa = PBXBuildFile; fileRef = E24DCBAB27ECD9230002A7FC /* SectionHeaderView.swift */; };
		E24DCBB027ECD9230002A7FC /* SectionHeaderWorkoutsHistoryView.swift in Sources */ = {isa = PBXBuildFile; fileRef = E24DCBAC27ECD9230002A7FC /* SectionHeaderWorkoutsHistoryView.swift */; };
		E24DCBB127ECD9230002A7FC /* WorkoutsHistoryCollectionViewController.swift in Sources */ = {isa = PBXBuildFile; fileRef = E24DCBAD27ECD9230002A7FC /* WorkoutsHistoryCollectionViewController.swift */; };
		E256AD4A27FB697400D146CB /* CustomGoalSettingsViewController.swift in Sources */ = {isa = PBXBuildFile; fileRef = E256AD4927FB697400D146CB /* CustomGoalSettingsViewController.swift */; };
		E256AD4C27FC6C8A00D146CB /* NumberOfSplitsStaticCell.swift in Sources */ = {isa = PBXBuildFile; fileRef = E256AD4B27FC6C8A00D146CB /* NumberOfSplitsStaticCell.swift */; };
		E256AD4F27FC6CB400D146CB /* TitleCell.swift in Sources */ = {isa = PBXBuildFile; fileRef = E256AD4E27FC6CB400D146CB /* TitleCell.swift */; };
		E256AD5127FC6CCA00D146CB /* TimePickerCell.swift in Sources */ = {isa = PBXBuildFile; fileRef = E256AD5027FC6CCA00D146CB /* TimePickerCell.swift */; };
		E273E964299D3582004C07A7 /* WorkoutsDoneView.swift in Sources */ = {isa = PBXBuildFile; fileRef = E273E963299D3582004C07A7 /* WorkoutsDoneView.swift */; };
		E273E966299D35A0004C07A7 /* LongestHangView.swift in Sources */ = {isa = PBXBuildFile; fileRef = E273E965299D35A0004C07A7 /* LongestHangView.swift */; };
		E273E968299D35B9004C07A7 /* DailyGoalStatusView.swift in Sources */ = {isa = PBXBuildFile; fileRef = E273E967299D35B9004C07A7 /* DailyGoalStatusView.swift */; };
		E273E96A299D36B9004C07A7 /* WorkoutGoal.swift in Sources */ = {isa = PBXBuildFile; fileRef = E273E969299D36B9004C07A7 /* WorkoutGoal.swift */; };
		E273E96C299D36E2004C07A7 /* WorkoutType.swift in Sources */ = {isa = PBXBuildFile; fileRef = E273E96B299D36E2004C07A7 /* WorkoutType.swift */; };
		E273E96E299D36FB004C07A7 /* StatisticsType.swift in Sources */ = {isa = PBXBuildFile; fileRef = E273E96D299D36FB004C07A7 /* StatisticsType.swift */; };
		E273E970299D3725004C07A7 /* WorkoutInfoProtocol.swift in Sources */ = {isa = PBXBuildFile; fileRef = E273E96F299D3725004C07A7 /* WorkoutInfoProtocol.swift */; };
		E273E972299D3747004C07A7 /* User.swift in Sources */ = {isa = PBXBuildFile; fileRef = E273E971299D3747004C07A7 /* User.swift */; };
		E273E974299D3767004C07A7 /* StatContainer.swift in Sources */ = {isa = PBXBuildFile; fileRef = E273E973299D3767004C07A7 /* StatContainer.swift */; };
		E273E976299D3796004C07A7 /* Statistics.swift in Sources */ = {isa = PBXBuildFile; fileRef = E273E975299D3796004C07A7 /* Statistics.swift */; };
		E273E978299D37C9004C07A7 /* HistorySection.swift in Sources */ = {isa = PBXBuildFile; fileRef = E273E977299D37C9004C07A7 /* HistorySection.swift */; };
		E273E97A299D3807004C07A7 /* WorkoutParamters.swift in Sources */ = {isa = PBXBuildFile; fileRef = E273E979299D3807004C07A7 /* WorkoutParamters.swift */; };
		E273E97C299D39A6004C07A7 /* Workout.swift in Sources */ = {isa = PBXBuildFile; fileRef = E273E97B299D39A6004C07A7 /* Workout.swift */; };
		E273E981299D39FF004C07A7 /* MakeTimeString-Ext.swift in Sources */ = {isa = PBXBuildFile; fileRef = E273E980299D39FF004C07A7 /* MakeTimeString-Ext.swift */; };
		E273E983299D3A2A004C07A7 /* CombineWorkoutTime-Ext.swift in Sources */ = {isa = PBXBuildFile; fileRef = E273E982299D3A2A004C07A7 /* CombineWorkoutTime-Ext.swift */; };
		E273E985299D3A88004C07A7 /* HexadecimalUIColor-Ext.swift in Sources */ = {isa = PBXBuildFile; fileRef = E273E984299D3A88004C07A7 /* HexadecimalUIColor-Ext.swift */; };
		E273E988299D3AF3004C07A7 /* RealmLocalConfig.swift in Sources */ = {isa = PBXBuildFile; fileRef = E273E987299D3AF3004C07A7 /* RealmLocalConfig.swift */; };
		E273E98A299D3B23004C07A7 /* CorrectEmailRegexFormat-Ext.swift in Sources */ = {isa = PBXBuildFile; fileRef = E273E989299D3B23004C07A7 /* CorrectEmailRegexFormat-Ext.swift */; };
		E275750429881FF200E47DA9 /* ClimbingHubCompanionApp.swift in Sources */ = {isa = PBXBuildFile; fileRef = E275750329881FF200E47DA9 /* ClimbingHubCompanionApp.swift */; };
		E275750629881FF200E47DA9 /* ContentView.swift in Sources */ = {isa = PBXBuildFile; fileRef = E275750529881FF200E47DA9 /* ContentView.swift */; };
		E275750829881FF400E47DA9 /* Assets.xcassets in Resources */ = {isa = PBXBuildFile; fileRef = E275750729881FF400E47DA9 /* Assets.xcassets */; };
		E275750B29881FF400E47DA9 /* Preview Assets.xcassets in Resources */ = {isa = PBXBuildFile; fileRef = E275750A29881FF400E47DA9 /* Preview Assets.xcassets */; };
		E27A68D127F615C10006479D /* GoalPickerViewController.swift in Sources */ = {isa = PBXBuildFile; fileRef = E27A68D027F615C10006479D /* GoalPickerViewController.swift */; };
		E27A68D327F779270006479D /* TimeGoalSettingsViewController.swift in Sources */ = {isa = PBXBuildFile; fileRef = E27A68D227F779270006479D /* TimeGoalSettingsViewController.swift */; };
		E27B660327D2A3C000239D5C /* FourthTableViewCell.swift in Sources */ = {isa = PBXBuildFile; fileRef = E27B660227D2A3C000239D5C /* FourthTableViewCell.swift */; };
		E2815189279AD7D900E8C2D4 /* AppDelegate.swift in Sources */ = {isa = PBXBuildFile; fileRef = E2815188279AD7D900E8C2D4 /* AppDelegate.swift */; };
		E281518B279AD7D900E8C2D4 /* SceneDelegate.swift in Sources */ = {isa = PBXBuildFile; fileRef = E281518A279AD7D900E8C2D4 /* SceneDelegate.swift */; };
		E2815192279AD7DB00E8C2D4 /* Assets.xcassets in Resources */ = {isa = PBXBuildFile; fileRef = E2815191279AD7DB00E8C2D4 /* Assets.xcassets */; };
		E2815195279AD7DB00E8C2D4 /* LaunchScreen.storyboard in Resources */ = {isa = PBXBuildFile; fileRef = E2815193279AD7DB00E8C2D4 /* LaunchScreen.storyboard */; };
		E2856B7127E7A73F00443E63 /* SplitTableViewCell.swift in Sources */ = {isa = PBXBuildFile; fileRef = E2856B7027E7A73F00443E63 /* SplitTableViewCell.swift */; };
		E28859A82833F18B00303824 /* NotationView.swift in Sources */ = {isa = PBXBuildFile; fileRef = E28859A72833F18B00303824 /* NotationView.swift */; };
		E29BD37627FEEE4D003616A6 /* FingerViewTimeGoalViewController.swift in Sources */ = {isa = PBXBuildFile; fileRef = E29BD37527FEEE4D003616A6 /* FingerViewTimeGoalViewController.swift */; };
		E2A94A87281FBE4A003061D0 /* WelcomeViewController.swift in Sources */ = {isa = PBXBuildFile; fileRef = E2A94A86281FBE4A003061D0 /* WelcomeViewController.swift */; };
		E2A94A89281FDD06003061D0 /* SignInViewController.swift in Sources */ = {isa = PBXBuildFile; fileRef = E2A94A88281FDD06003061D0 /* SignInViewController.swift */; };
		E2A94A8B2820051A003061D0 /* ProfileSettingsTableViewController.swift in Sources */ = {isa = PBXBuildFile; fileRef = E2A94A8A2820051A003061D0 /* ProfileSettingsTableViewController.swift */; };
		E2CA241A284C839100021E78 /* SceneDelegate-StateRestoration.swift in Sources */ = {isa = PBXBuildFile; fileRef = E2CA2419284C839100021E78 /* SceneDelegate-StateRestoration.swift */; };
		E2D0E2C8281A91C700397C79 /* NewAccountViewController.swift in Sources */ = {isa = PBXBuildFile; fileRef = E2D0E2C7281A91C700397C79 /* NewAccountViewController.swift */; };
		E2D1333C283A60E100AB2A9A /* EmailSentViewController.swift in Sources */ = {isa = PBXBuildFile; fileRef = E2D1333B283A60E100AB2A9A /* EmailSentViewController.swift */; };
		E2D1913A284CE3D400E3E596 /* ForgotPasswordViewController.swift in Sources */ = {isa = PBXBuildFile; fileRef = E2D19139284CE3D400E3E596 /* ForgotPasswordViewController.swift */; };
		E2D2CB2E285E157F00F7EE3C /* WelcomeViewReasonCollectionViewCell.swift in Sources */ = {isa = PBXBuildFile; fileRef = E2D2CB2D285E157F00F7EE3C /* WelcomeViewReasonCollectionViewCell.swift */; };
		E2D2CB30285E232C00F7EE3C /* WelcomeViewReason.swift in Sources */ = {isa = PBXBuildFile; fileRef = E2D2CB2F285E232C00F7EE3C /* WelcomeViewReason.swift */; };
		E2D2CB33285F1F6500F7EE3C /* PagingInfo.swift in Sources */ = {isa = PBXBuildFile; fileRef = E2D2CB32285F1F6500F7EE3C /* PagingInfo.swift */; };
		E2D2CB35285F219200F7EE3C /* PagingSectionFooterView.swift in Sources */ = {isa = PBXBuildFile; fileRef = E2D2CB34285F219200F7EE3C /* PagingSectionFooterView.swift */; };
		E2E5B4C528DECEB8001B720D /* DoneWorkoutsChartView.swift in Sources */ = {isa = PBXBuildFile; fileRef = E2E5B4C428DECEB8001B720D /* DoneWorkoutsChartView.swift */; };
		E2E5B4C728E0B3F0001B720D /* BlankCollectionViewCell.swift in Sources */ = {isa = PBXBuildFile; fileRef = E2E5B4C628E0B3F0001B720D /* BlankCollectionViewCell.swift */; };
		E2E8EBF329959F78002476E1 /* StatisticsSellView.swift in Sources */ = {isa = PBXBuildFile; fileRef = E2E8EBF229959F78002476E1 /* StatisticsSellView.swift */; };
		E2EFFA822850710800F70C97 /* AttentionMessageView.swift in Sources */ = {isa = PBXBuildFile; fileRef = E2EFFA812850710800F70C97 /* AttentionMessageView.swift */; };
		E2F028BF2851DF3D001289E7 /* LocalProfileViewController.swift in Sources */ = {isa = PBXBuildFile; fileRef = E2F028BE2851DF3D001289E7 /* LocalProfileViewController.swift */; };
		E2F1CFFB27BC1755007ADEE2 /* WorkoutStatisticsTableViewController.swift in Sources */ = {isa = PBXBuildFile; fileRef = E2F1CFFA27BC1755007ADEE2 /* WorkoutStatisticsTableViewController.swift */; };
		E2F1CFFF27BC22C3007ADEE2 /* FirstTableViewCell.swift in Sources */ = {isa = PBXBuildFile; fileRef = E2F1CFFE27BC22C3007ADEE2 /* FirstTableViewCell.swift */; };
		E2F1D00227BC26C7007ADEE2 /* SecondTableViewCell.swift in Sources */ = {isa = PBXBuildFile; fileRef = E2F1D00127BC26C7007ADEE2 /* SecondTableViewCell.swift */; };
		E2FFD4F327BD4623004AADEC /* ThirdTableViewCell.swift in Sources */ = {isa = PBXBuildFile; fileRef = E2FFD4F227BD4623004AADEC /* ThirdTableViewCell.swift */; };
/* End PBXBuildFile section */

/* Begin PBXFileReference section */
		0BC05D111CFFAB1DF0087719 /* Pods-projectClimber.release.xcconfig */ = {isa = PBXFileReference; includeInIndex = 1; lastKnownFileType = text.xcconfig; name = "Pods-projectClimber.release.xcconfig"; path = "Target Support Files/Pods-projectClimber/Pods-projectClimber.release.xcconfig"; sourceTree = "<group>"; };
		17BD0D8E43F7AA213B04EFFD /* Pods-ClimbingHub.release.xcconfig */ = {isa = PBXFileReference; includeInIndex = 1; lastKnownFileType = text.xcconfig; name = "Pods-ClimbingHub.release.xcconfig"; path = "Target Support Files/Pods-ClimbingHub/Pods-ClimbingHub.release.xcconfig"; sourceTree = "<group>"; };
		85692B7B2BC7387F29343E2A /* Pods_ClimbingHub.framework */ = {isa = PBXFileReference; explicitFileType = wrapper.framework; includeInIndex = 0; path = Pods_ClimbingHub.framework; sourceTree = BUILT_PRODUCTS_DIR; };
		948DA6F3ED9BA52BEF5EADAB /* Pods-projectClimber.debug.xcconfig */ = {isa = PBXFileReference; includeInIndex = 1; lastKnownFileType = text.xcconfig; name = "Pods-projectClimber.debug.xcconfig"; path = "Target Support Files/Pods-projectClimber/Pods-projectClimber.debug.xcconfig"; sourceTree = "<group>"; };
		AB80F752B7B699D9BD67B18A /* Pods-ClimbingHub.debug.xcconfig */ = {isa = PBXFileReference; includeInIndex = 1; lastKnownFileType = text.xcconfig; name = "Pods-ClimbingHub.debug.xcconfig"; path = "Target Support Files/Pods-ClimbingHub/Pods-ClimbingHub.debug.xcconfig"; sourceTree = "<group>"; };
		E205A87827AD174C002BA08B /* TabBarController.swift */ = {isa = PBXFileReference; lastKnownFileType = sourcecode.swift; path = TabBarController.swift; sourceTree = "<group>"; };
		E205A87A27AD18B2002BA08B /* StatisticsCollectionViewController.swift */ = {isa = PBXFileReference; lastKnownFileType = sourcecode.swift; path = StatisticsCollectionViewController.swift; sourceTree = "<group>"; };
		E205A87C27AD18F1002BA08B /* WorkoutCollectionViewCell.swift */ = {isa = PBXFileReference; lastKnownFileType = sourcecode.swift; path = WorkoutCollectionViewCell.swift; sourceTree = "<group>"; };
		E205A87E27AD2A55002BA08B /* WorkoutViewController.swift */ = {isa = PBXFileReference; lastKnownFileType = sourcecode.swift; path = WorkoutViewController.swift; sourceTree = "<group>"; };
		E205A88027AD4DD0002BA08B /* FingerWorkoutViewController.swift */ = {isa = PBXFileReference; lastKnownFileType = sourcecode.swift; path = FingerWorkoutViewController.swift; sourceTree = "<group>"; };
		E22E7B2027BECA5C00ADE4C3 /* StatisticsCollectionViewCell.swift */ = {isa = PBXFileReference; lastKnownFileType = sourcecode.swift; path = StatisticsCollectionViewCell.swift; sourceTree = "<group>"; };
		E23678BD280469F90043F3E9 /* FingerWorkoutCustomGoalViewController.swift */ = {isa = PBXFileReference; lastKnownFileType = sourcecode.swift; path = FingerWorkoutCustomGoalViewController.swift; sourceTree = "<group>"; };
		E2401EEA282B99CA0098CDB4 /* ProfileManagementTableViewController.swift */ = {isa = PBXFileReference; lastKnownFileType = sourcecode.swift; path = ProfileManagementTableViewController.swift; sourceTree = "<group>"; };
		E2401EEC282BFB270098CDB4 /* NameChangingTableViewController.swift */ = {isa = PBXFileReference; lastKnownFileType = sourcecode.swift; path = NameChangingTableViewController.swift; sourceTree = "<group>"; };
		E2401EEE2830EBE90098CDB4 /* DeleteAccountViewController.swift */ = {isa = PBXFileReference; lastKnownFileType = sourcecode.swift; path = DeleteAccountViewController.swift; sourceTree = "<group>"; };
		E24DCBAA27ECD9230002A7FC /* ShowMoreButtonHeaderView.swift */ = {isa = PBXFileReference; fileEncoding = 4; lastKnownFileType = sourcecode.swift; path = ShowMoreButtonHeaderView.swift; sourceTree = "<group>"; };
		E24DCBAB27ECD9230002A7FC /* SectionHeaderView.swift */ = {isa = PBXFileReference; fileEncoding = 4; lastKnownFileType = sourcecode.swift; path = SectionHeaderView.swift; sourceTree = "<group>"; };
		E24DCBAC27ECD9230002A7FC /* SectionHeaderWorkoutsHistoryView.swift */ = {isa = PBXFileReference; fileEncoding = 4; lastKnownFileType = sourcecode.swift; path = SectionHeaderWorkoutsHistoryView.swift; sourceTree = "<group>"; };
		E24DCBAD27ECD9230002A7FC /* WorkoutsHistoryCollectionViewController.swift */ = {isa = PBXFileReference; fileEncoding = 4; lastKnownFileType = sourcecode.swift; path = WorkoutsHistoryCollectionViewController.swift; sourceTree = "<group>"; };
		E256AD4927FB697400D146CB /* CustomGoalSettingsViewController.swift */ = {isa = PBXFileReference; lastKnownFileType = sourcecode.swift; path = CustomGoalSettingsViewController.swift; sourceTree = "<group>"; };
		E256AD4B27FC6C8A00D146CB /* NumberOfSplitsStaticCell.swift */ = {isa = PBXFileReference; lastKnownFileType = sourcecode.swift; path = NumberOfSplitsStaticCell.swift; sourceTree = "<group>"; };
		E256AD4E27FC6CB400D146CB /* TitleCell.swift */ = {isa = PBXFileReference; lastKnownFileType = sourcecode.swift; path = TitleCell.swift; sourceTree = "<group>"; };
		E256AD5027FC6CCA00D146CB /* TimePickerCell.swift */ = {isa = PBXFileReference; lastKnownFileType = sourcecode.swift; path = TimePickerCell.swift; sourceTree = "<group>"; };
		E273E963299D3582004C07A7 /* WorkoutsDoneView.swift */ = {isa = PBXFileReference; lastKnownFileType = sourcecode.swift; path = WorkoutsDoneView.swift; sourceTree = "<group>"; };
		E273E965299D35A0004C07A7 /* LongestHangView.swift */ = {isa = PBXFileReference; lastKnownFileType = sourcecode.swift; path = LongestHangView.swift; sourceTree = "<group>"; };
		E273E967299D35B9004C07A7 /* DailyGoalStatusView.swift */ = {isa = PBXFileReference; lastKnownFileType = sourcecode.swift; path = DailyGoalStatusView.swift; sourceTree = "<group>"; };
		E273E969299D36B9004C07A7 /* WorkoutGoal.swift */ = {isa = PBXFileReference; lastKnownFileType = sourcecode.swift; path = WorkoutGoal.swift; sourceTree = "<group>"; };
		E273E96B299D36E2004C07A7 /* WorkoutType.swift */ = {isa = PBXFileReference; lastKnownFileType = sourcecode.swift; path = WorkoutType.swift; sourceTree = "<group>"; };
		E273E96D299D36FB004C07A7 /* StatisticsType.swift */ = {isa = PBXFileReference; lastKnownFileType = sourcecode.swift; path = StatisticsType.swift; sourceTree = "<group>"; };
		E273E96F299D3725004C07A7 /* WorkoutInfoProtocol.swift */ = {isa = PBXFileReference; lastKnownFileType = sourcecode.swift; path = WorkoutInfoProtocol.swift; sourceTree = "<group>"; };
		E273E971299D3747004C07A7 /* User.swift */ = {isa = PBXFileReference; lastKnownFileType = sourcecode.swift; path = User.swift; sourceTree = "<group>"; };
		E273E973299D3767004C07A7 /* StatContainer.swift */ = {isa = PBXFileReference; lastKnownFileType = sourcecode.swift; path = StatContainer.swift; sourceTree = "<group>"; };
		E273E975299D3796004C07A7 /* Statistics.swift */ = {isa = PBXFileReference; lastKnownFileType = sourcecode.swift; path = Statistics.swift; sourceTree = "<group>"; };
		E273E977299D37C9004C07A7 /* HistorySection.swift */ = {isa = PBXFileReference; lastKnownFileType = sourcecode.swift; path = HistorySection.swift; sourceTree = "<group>"; };
		E273E979299D3807004C07A7 /* WorkoutParamters.swift */ = {isa = PBXFileReference; lastKnownFileType = sourcecode.swift; path = WorkoutParamters.swift; sourceTree = "<group>"; };
		E273E97B299D39A6004C07A7 /* Workout.swift */ = {isa = PBXFileReference; fileEncoding = 4; lastKnownFileType = sourcecode.swift; path = Workout.swift; sourceTree = "<group>"; };
		E273E980299D39FF004C07A7 /* MakeTimeString-Ext.swift */ = {isa = PBXFileReference; lastKnownFileType = sourcecode.swift; path = "MakeTimeString-Ext.swift"; sourceTree = "<group>"; };
		E273E982299D3A2A004C07A7 /* CombineWorkoutTime-Ext.swift */ = {isa = PBXFileReference; lastKnownFileType = sourcecode.swift; path = "CombineWorkoutTime-Ext.swift"; sourceTree = "<group>"; };
		E273E984299D3A88004C07A7 /* HexadecimalUIColor-Ext.swift */ = {isa = PBXFileReference; lastKnownFileType = sourcecode.swift; path = "HexadecimalUIColor-Ext.swift"; sourceTree = "<group>"; };
		E273E987299D3AF3004C07A7 /* RealmLocalConfig.swift */ = {isa = PBXFileReference; lastKnownFileType = sourcecode.swift; path = RealmLocalConfig.swift; sourceTree = "<group>"; };
		E273E989299D3B23004C07A7 /* CorrectEmailRegexFormat-Ext.swift */ = {isa = PBXFileReference; lastKnownFileType = sourcecode.swift; path = "CorrectEmailRegexFormat-Ext.swift"; sourceTree = "<group>"; };
		E275750129881FF200E47DA9 /* ClimbingHubCompanion Watch App.app */ = {isa = PBXFileReference; explicitFileType = wrapper.application; includeInIndex = 0; path = "ClimbingHubCompanion Watch App.app"; sourceTree = BUILT_PRODUCTS_DIR; };
		E275750329881FF200E47DA9 /* ClimbingHubCompanionApp.swift */ = {isa = PBXFileReference; lastKnownFileType = sourcecode.swift; path = ClimbingHubCompanionApp.swift; sourceTree = "<group>"; };
		E275750529881FF200E47DA9 /* ContentView.swift */ = {isa = PBXFileReference; lastKnownFileType = sourcecode.swift; path = ContentView.swift; sourceTree = "<group>"; };
		E275750729881FF400E47DA9 /* Assets.xcassets */ = {isa = PBXFileReference; lastKnownFileType = folder.assetcatalog; path = Assets.xcassets; sourceTree = "<group>"; };
		E275750A29881FF400E47DA9 /* Preview Assets.xcassets */ = {isa = PBXFileReference; lastKnownFileType = folder.assetcatalog; path = "Preview Assets.xcassets"; sourceTree = "<group>"; };
		E27A68D027F615C10006479D /* GoalPickerViewController.swift */ = {isa = PBXFileReference; lastKnownFileType = sourcecode.swift; path = GoalPickerViewController.swift; sourceTree = "<group>"; };
		E27A68D227F779270006479D /* TimeGoalSettingsViewController.swift */ = {isa = PBXFileReference; lastKnownFileType = sourcecode.swift; path = TimeGoalSettingsViewController.swift; sourceTree = "<group>"; };
		E27B660227D2A3C000239D5C /* FourthTableViewCell.swift */ = {isa = PBXFileReference; lastKnownFileType = sourcecode.swift; path = FourthTableViewCell.swift; sourceTree = "<group>"; };
		E2815185279AD7D900E8C2D4 /* ClimbingHub.app */ = {isa = PBXFileReference; explicitFileType = wrapper.application; includeInIndex = 0; path = ClimbingHub.app; sourceTree = BUILT_PRODUCTS_DIR; };
		E2815188279AD7D900E8C2D4 /* AppDelegate.swift */ = {isa = PBXFileReference; lastKnownFileType = sourcecode.swift; path = AppDelegate.swift; sourceTree = "<group>"; };
		E281518A279AD7D900E8C2D4 /* SceneDelegate.swift */ = {isa = PBXFileReference; lastKnownFileType = sourcecode.swift; path = SceneDelegate.swift; sourceTree = "<group>"; };
		E2815191279AD7DB00E8C2D4 /* Assets.xcassets */ = {isa = PBXFileReference; lastKnownFileType = folder.assetcatalog; path = Assets.xcassets; sourceTree = "<group>"; };
		E2815194279AD7DB00E8C2D4 /* Base */ = {isa = PBXFileReference; lastKnownFileType = file.storyboard; name = Base; path = Base.lproj/LaunchScreen.storyboard; sourceTree = "<group>"; };
		E2815196279AD7DB00E8C2D4 /* Info.plist */ = {isa = PBXFileReference; lastKnownFileType = text.plist.xml; path = Info.plist; sourceTree = "<group>"; };
		E2856B7027E7A73F00443E63 /* SplitTableViewCell.swift */ = {isa = PBXFileReference; lastKnownFileType = sourcecode.swift; path = SplitTableViewCell.swift; sourceTree = "<group>"; };
		E28859A72833F18B00303824 /* NotationView.swift */ = {isa = PBXFileReference; lastKnownFileType = sourcecode.swift; path = NotationView.swift; sourceTree = "<group>"; };
		E29BD37527FEEE4D003616A6 /* FingerViewTimeGoalViewController.swift */ = {isa = PBXFileReference; lastKnownFileType = sourcecode.swift; path = FingerViewTimeGoalViewController.swift; sourceTree = "<group>"; };
		E2A94A86281FBE4A003061D0 /* WelcomeViewController.swift */ = {isa = PBXFileReference; lastKnownFileType = sourcecode.swift; path = WelcomeViewController.swift; sourceTree = "<group>"; };
		E2A94A88281FDD06003061D0 /* SignInViewController.swift */ = {isa = PBXFileReference; lastKnownFileType = sourcecode.swift; path = SignInViewController.swift; sourceTree = "<group>"; };
		E2A94A8A2820051A003061D0 /* ProfileSettingsTableViewController.swift */ = {isa = PBXFileReference; lastKnownFileType = sourcecode.swift; path = ProfileSettingsTableViewController.swift; sourceTree = "<group>"; };
		E2CA2419284C839100021E78 /* SceneDelegate-StateRestoration.swift */ = {isa = PBXFileReference; lastKnownFileType = sourcecode.swift; path = "SceneDelegate-StateRestoration.swift"; sourceTree = "<group>"; };
		E2D0E2C7281A91C700397C79 /* NewAccountViewController.swift */ = {isa = PBXFileReference; lastKnownFileType = sourcecode.swift; path = NewAccountViewController.swift; sourceTree = "<group>"; };
		E2D1333B283A60E100AB2A9A /* EmailSentViewController.swift */ = {isa = PBXFileReference; lastKnownFileType = sourcecode.swift; path = EmailSentViewController.swift; sourceTree = "<group>"; };
		E2D19139284CE3D400E3E596 /* ForgotPasswordViewController.swift */ = {isa = PBXFileReference; lastKnownFileType = sourcecode.swift; path = ForgotPasswordViewController.swift; sourceTree = "<group>"; };
		E2D2CB2D285E157F00F7EE3C /* WelcomeViewReasonCollectionViewCell.swift */ = {isa = PBXFileReference; lastKnownFileType = sourcecode.swift; path = WelcomeViewReasonCollectionViewCell.swift; sourceTree = "<group>"; };
		E2D2CB2F285E232C00F7EE3C /* WelcomeViewReason.swift */ = {isa = PBXFileReference; lastKnownFileType = sourcecode.swift; path = WelcomeViewReason.swift; sourceTree = "<group>"; };
		E2D2CB32285F1F6500F7EE3C /* PagingInfo.swift */ = {isa = PBXFileReference; lastKnownFileType = sourcecode.swift; path = PagingInfo.swift; sourceTree = "<group>"; };
		E2D2CB34285F219200F7EE3C /* PagingSectionFooterView.swift */ = {isa = PBXFileReference; lastKnownFileType = sourcecode.swift; path = PagingSectionFooterView.swift; sourceTree = "<group>"; };
		E2E5B4C428DECEB8001B720D /* DoneWorkoutsChartView.swift */ = {isa = PBXFileReference; lastKnownFileType = sourcecode.swift; path = DoneWorkoutsChartView.swift; sourceTree = "<group>"; };
		E2E5B4C628E0B3F0001B720D /* BlankCollectionViewCell.swift */ = {isa = PBXFileReference; lastKnownFileType = sourcecode.swift; path = BlankCollectionViewCell.swift; sourceTree = "<group>"; };
		E2E8EBF229959F78002476E1 /* StatisticsSellView.swift */ = {isa = PBXFileReference; lastKnownFileType = sourcecode.swift; path = StatisticsSellView.swift; sourceTree = "<group>"; };
		E2EFFA812850710800F70C97 /* AttentionMessageView.swift */ = {isa = PBXFileReference; lastKnownFileType = sourcecode.swift; path = AttentionMessageView.swift; sourceTree = "<group>"; };
		E2F028BE2851DF3D001289E7 /* LocalProfileViewController.swift */ = {isa = PBXFileReference; lastKnownFileType = sourcecode.swift; path = LocalProfileViewController.swift; sourceTree = "<group>"; };
		E2F1CFFA27BC1755007ADEE2 /* WorkoutStatisticsTableViewController.swift */ = {isa = PBXFileReference; lastKnownFileType = sourcecode.swift; path = WorkoutStatisticsTableViewController.swift; sourceTree = "<group>"; };
		E2F1CFFE27BC22C3007ADEE2 /* FirstTableViewCell.swift */ = {isa = PBXFileReference; lastKnownFileType = sourcecode.swift; path = FirstTableViewCell.swift; sourceTree = "<group>"; };
		E2F1D00127BC26C7007ADEE2 /* SecondTableViewCell.swift */ = {isa = PBXFileReference; lastKnownFileType = sourcecode.swift; path = SecondTableViewCell.swift; sourceTree = "<group>"; };
		E2FFD4F227BD4623004AADEC /* ThirdTableViewCell.swift */ = {isa = PBXFileReference; lastKnownFileType = sourcecode.swift; path = ThirdTableViewCell.swift; sourceTree = "<group>"; };
/* End PBXFileReference section */

/* Begin PBXFrameworksBuildPhase section */
		E27574FE29881FF200E47DA9 /* Frameworks */ = {
			isa = PBXFrameworksBuildPhase;
			buildActionMask = 2147483647;
			files = (
			);
			runOnlyForDeploymentPostprocessing = 0;
		};
		E2815182279AD7D900E8C2D4 /* Frameworks */ = {
			isa = PBXFrameworksBuildPhase;
			buildActionMask = 2147483647;
			files = (
				C923780830A8D65A5414519F /* Pods_ClimbingHub.framework in Frameworks */,
			);
			runOnlyForDeploymentPostprocessing = 0;
		};
/* End PBXFrameworksBuildPhase section */

/* Begin PBXGroup section */
		2E59D8B1A7E59D8AD0AE9C03 /* Pods */ = {
			isa = PBXGroup;
			children = (
				948DA6F3ED9BA52BEF5EADAB /* Pods-projectClimber.debug.xcconfig */,
				0BC05D111CFFAB1DF0087719 /* Pods-projectClimber.release.xcconfig */,
				AB80F752B7B699D9BD67B18A /* Pods-ClimbingHub.debug.xcconfig */,
				17BD0D8E43F7AA213B04EFFD /* Pods-ClimbingHub.release.xcconfig */,
			);
			path = Pods;
			sourceTree = "<group>";
		};
		CE1D5F2CD52C3234FF8B4925 /* Frameworks */ = {
			isa = PBXGroup;
			children = (
				85692B7B2BC7387F29343E2A /* Pods_ClimbingHub.framework */,
			);
			name = Frameworks;
			sourceTree = "<group>";
		};
		E273E962299D3564004C07A7 /* SuplementartViews */ = {
			isa = PBXGroup;
			children = (
				E273E963299D3582004C07A7 /* WorkoutsDoneView.swift */,
				E273E965299D35A0004C07A7 /* LongestHangView.swift */,
				E273E967299D35B9004C07A7 /* DailyGoalStatusView.swift */,
			);
			path = SuplementartViews;
			sourceTree = "<group>";
		};
		E273E97F299D39CB004C07A7 /* Extensions */ = {
			isa = PBXGroup;
			children = (
				E273E980299D39FF004C07A7 /* MakeTimeString-Ext.swift */,
				E273E982299D3A2A004C07A7 /* CombineWorkoutTime-Ext.swift */,
				E273E984299D3A88004C07A7 /* HexadecimalUIColor-Ext.swift */,
				E273E989299D3B23004C07A7 /* CorrectEmailRegexFormat-Ext.swift */,
			);
			path = Extensions;
			sourceTree = "<group>";
		};
		E273E986299D3AC1004C07A7 /* RealmLocalConfig */ = {
			isa = PBXGroup;
			children = (
				E273E987299D3AF3004C07A7 /* RealmLocalConfig.swift */,
			);
			path = RealmLocalConfig;
			sourceTree = "<group>";
		};
		E273E98B299D3B4D004C07A7 /* Workout */ = {
			isa = PBXGroup;
			children = (
				E273E97B299D39A6004C07A7 /* Workout.swift */,
				E273E969299D36B9004C07A7 /* WorkoutGoal.swift */,
				E273E96B299D36E2004C07A7 /* WorkoutType.swift */,
				E273E96F299D3725004C07A7 /* WorkoutInfoProtocol.swift */,
			);
			path = Workout;
			sourceTree = "<group>";
		};
		E273E98C299D3B61004C07A7 /* Statistics */ = {
			isa = PBXGroup;
			children = (
				E273E975299D3796004C07A7 /* Statistics.swift */,
				E273E96D299D36FB004C07A7 /* StatisticsType.swift */,
				E273E973299D3767004C07A7 /* StatContainer.swift */,
			);
			path = Statistics;
			sourceTree = "<group>";
		};
		E273E98D299D3B8A004C07A7 /* User */ = {
			isa = PBXGroup;
			children = (
				E273E971299D3747004C07A7 /* User.swift */,
			);
			path = User;
			sourceTree = "<group>";
		};
		E273E98E299D3BD1004C07A7 /* HistorySection */ = {
			isa = PBXGroup;
			children = (
				E273E977299D37C9004C07A7 /* HistorySection.swift */,
			);
			path = HistorySection;
			sourceTree = "<group>";
		};
		E273E98F299D3BDF004C07A7 /* WorkoutParameters */ = {
			isa = PBXGroup;
			children = (
				E273E979299D3807004C07A7 /* WorkoutParamters.swift */,
			);
			path = WorkoutParameters;
			sourceTree = "<group>";
		};
		E275750229881FF200E47DA9 /* ClimbingHubCompanion Watch App */ = {
			isa = PBXGroup;
			children = (
				E275750329881FF200E47DA9 /* ClimbingHubCompanionApp.swift */,
				E275750529881FF200E47DA9 /* ContentView.swift */,
				E275750729881FF400E47DA9 /* Assets.xcassets */,
				E275750929881FF400E47DA9 /* Preview Content */,
			);
			path = "ClimbingHubCompanion Watch App";
			sourceTree = "<group>";
		};
		E275750929881FF400E47DA9 /* Preview Content */ = {
			isa = PBXGroup;
			children = (
				E275750A29881FF400E47DA9 /* Preview Assets.xcassets */,
			);
			path = "Preview Content";
			sourceTree = "<group>";
		};
		E281517C279AD7D900E8C2D4 = {
			isa = PBXGroup;
			children = (
				E2815187279AD7D900E8C2D4 /* projectClimber */,
				E275750229881FF200E47DA9 /* ClimbingHubCompanion Watch App */,
				E2815186279AD7D900E8C2D4 /* Products */,
				2E59D8B1A7E59D8AD0AE9C03 /* Pods */,
				CE1D5F2CD52C3234FF8B4925 /* Frameworks */,
			);
			sourceTree = "<group>";
		};
		E2815186279AD7D900E8C2D4 /* Products */ = {
			isa = PBXGroup;
			children = (
				E2815185279AD7D900E8C2D4 /* ClimbingHub.app */,
				E275750129881FF200E47DA9 /* ClimbingHubCompanion Watch App.app */,
			);
			name = Products;
			sourceTree = "<group>";
		};
		E2815187279AD7D900E8C2D4 /* projectClimber */ = {
			isa = PBXGroup;
			children = (
				E2D19126284CA1EE00E3E596 /* ClimbingHub Application */,
				E273E986299D3AC1004C07A7 /* RealmLocalConfig */,
				E2D19125284CA18700E3E596 /* WelcomeViewGroup */,
				E273E97F299D39CB004C07A7 /* Extensions */,
				E2D19138284CB90000E3E596 /* DataBase */,
				E2D19127284CA26B00E3E596 /* MainInterface */,
				E2815191279AD7DB00E8C2D4 /* Assets.xcassets */,
				E2815193279AD7DB00E8C2D4 /* LaunchScreen.storyboard */,
				E2815196279AD7DB00E8C2D4 /* Info.plist */,
			);
			path = projectClimber;
			sourceTree = "<group>";
		};
		E2D19125284CA18700E3E596 /* WelcomeViewGroup */ = {
			isa = PBXGroup;
			children = (
				E2A94A86281FBE4A003061D0 /* WelcomeViewController.swift */,
				E2D0E2C7281A91C700397C79 /* NewAccountViewController.swift */,
				E2A94A88281FDD06003061D0 /* SignInViewController.swift */,
				E2D19139284CE3D400E3E596 /* ForgotPasswordViewController.swift */,
				E2D1333B283A60E100AB2A9A /* EmailSentViewController.swift */,
				E2D2CB31285E233400F7EE3C /* Model */,
				E2EFFA83285075DA00F70C97 /* Supplemetary Views */,
			);
			path = WelcomeViewGroup;
			sourceTree = "<group>";
		};
		E2D19126284CA1EE00E3E596 /* ClimbingHub Application */ = {
			isa = PBXGroup;
			children = (
				E2815188279AD7D900E8C2D4 /* AppDelegate.swift */,
				E281518A279AD7D900E8C2D4 /* SceneDelegate.swift */,
				E2CA2419284C839100021E78 /* SceneDelegate-StateRestoration.swift */,
			);
			path = "ClimbingHub Application";
			sourceTree = "<group>";
		};
		E2D19127284CA26B00E3E596 /* MainInterface */ = {
			isa = PBXGroup;
			children = (
				E205A87827AD174C002BA08B /* TabBarController.swift */,
				E2D19133284CB75800E3E596 /* Profile Tab */,
				E2D1912C284CA39F00E3E596 /* Workout Start Tab */,
				E2D19128284CA29300E3E596 /* Overview Tab */,
			);
			path = MainInterface;
			sourceTree = "<group>";
		};
		E2D19128284CA29300E3E596 /* Overview Tab */ = {
			isa = PBXGroup;
			children = (
				E2E5B4C328DECE9A001B720D /* Charts */,
				E205A87A27AD18B2002BA08B /* StatisticsCollectionViewController.swift */,
				E2D1912F284CAB2300E3E596 /* Workout Overview Table View Controller */,
				E2D1912A284CA33100E3E596 /* Supplementary Views */,
				E2D19129284CA2D400E3E596 /* Cells */,
			);
			path = "Overview Tab";
			sourceTree = "<group>";
		};
		E2D19129284CA2D400E3E596 /* Cells */ = {
			isa = PBXGroup;
			children = (
				E2E8EBF129959F57002476E1 /* StatisticsSellsView */,
				E22E7B2027BECA5C00ADE4C3 /* StatisticsCollectionViewCell.swift */,
				E205A87C27AD18F1002BA08B /* WorkoutCollectionViewCell.swift */,
				E2E5B4C628E0B3F0001B720D /* BlankCollectionViewCell.swift */,
			);
			path = Cells;
			sourceTree = "<group>";
		};
		E2D1912A284CA33100E3E596 /* Supplementary Views */ = {
			isa = PBXGroup;
			children = (
				E24DCBAB27ECD9230002A7FC /* SectionHeaderView.swift */,
				E24DCBAC27ECD9230002A7FC /* SectionHeaderWorkoutsHistoryView.swift */,
				E24DCBAA27ECD9230002A7FC /* ShowMoreButtonHeaderView.swift */,
				E24DCBAD27ECD9230002A7FC /* WorkoutsHistoryCollectionViewController.swift */,
			);
			path = "Supplementary Views";
			sourceTree = "<group>";
		};
		E2D1912C284CA39F00E3E596 /* Workout Start Tab */ = {
			isa = PBXGroup;
			children = (
				E205A87E27AD2A55002BA08B /* WorkoutViewController.swift */,
				E27A68D027F615C10006479D /* GoalPickerViewController.swift */,
				E2D19131284CAB7900E3E596 /* Finger Workout */,
			);
			path = "Workout Start Tab";
			sourceTree = "<group>";
		};
		E2D1912F284CAB2300E3E596 /* Workout Overview Table View Controller */ = {
			isa = PBXGroup;
			children = (
				E2F1CFFA27BC1755007ADEE2 /* WorkoutStatisticsTableViewController.swift */,
				E2D19130284CAB3E00E3E596 /* Static Cells */,
			);
			path = "Workout Overview Table View Controller";
			sourceTree = "<group>";
		};
		E2D19130284CAB3E00E3E596 /* Static Cells */ = {
			isa = PBXGroup;
			children = (
				E27B660227D2A3C000239D5C /* FourthTableViewCell.swift */,
				E2FFD4F227BD4623004AADEC /* ThirdTableViewCell.swift */,
				E2F1D00127BC26C7007ADEE2 /* SecondTableViewCell.swift */,
				E2F1CFFE27BC22C3007ADEE2 /* FirstTableViewCell.swift */,
			);
			path = "Static Cells";
			sourceTree = "<group>";
		};
		E2D19131284CAB7900E3E596 /* Finger Workout */ = {
			isa = PBXGroup;
			children = (
				E2D19136284CB81600E3E596 /* Time goal */,
				E2D19135284CB80B00E3E596 /* Open goal */,
				E2D19137284CB82600E3E596 /* Custom goal */,
				E2D19132284CB6D300E3E596 /* Helper views */,
			);
			path = "Finger Workout";
			sourceTree = "<group>";
		};
		E2D19132284CB6D300E3E596 /* Helper views */ = {
			isa = PBXGroup;
			children = (
				E2856B7027E7A73F00443E63 /* SplitTableViewCell.swift */,
			);
			path = "Helper views";
			sourceTree = "<group>";
		};
		E2D19133284CB75800E3E596 /* Profile Tab */ = {
			isa = PBXGroup;
			children = (
				E2F028BE2851DF3D001289E7 /* LocalProfileViewController.swift */,
				E2A94A8A2820051A003061D0 /* ProfileSettingsTableViewController.swift */,
				E2401EEA282B99CA0098CDB4 /* ProfileManagementTableViewController.swift */,
				E2401EEC282BFB270098CDB4 /* NameChangingTableViewController.swift */,
				E2401EEE2830EBE90098CDB4 /* DeleteAccountViewController.swift */,
				E2D19134284CB7B000E3E596 /* Helper views */,
			);
			path = "Profile Tab";
			sourceTree = "<group>";
		};
		E2D19134284CB7B000E3E596 /* Helper views */ = {
			isa = PBXGroup;
			children = (
				E28859A72833F18B00303824 /* NotationView.swift */,
			);
			path = "Helper views";
			sourceTree = "<group>";
		};
		E2D19135284CB80B00E3E596 /* Open goal */ = {
			isa = PBXGroup;
			children = (
				E205A88027AD4DD0002BA08B /* FingerWorkoutViewController.swift */,
			);
			path = "Open goal";
			sourceTree = "<group>";
		};
		E2D19136284CB81600E3E596 /* Time goal */ = {
			isa = PBXGroup;
			children = (
				E29BD37527FEEE4D003616A6 /* FingerViewTimeGoalViewController.swift */,
				E27A68D227F779270006479D /* TimeGoalSettingsViewController.swift */,
			);
			path = "Time goal";
			sourceTree = "<group>";
		};
		E2D19137284CB82600E3E596 /* Custom goal */ = {
			isa = PBXGroup;
			children = (
				E23678BD280469F90043F3E9 /* FingerWorkoutCustomGoalViewController.swift */,
				E256AD4927FB697400D146CB /* CustomGoalSettingsViewController.swift */,
				E256AD4B27FC6C8A00D146CB /* NumberOfSplitsStaticCell.swift */,
				E256AD4E27FC6CB400D146CB /* TitleCell.swift */,
				E256AD5027FC6CCA00D146CB /* TimePickerCell.swift */,
			);
			path = "Custom goal";
			sourceTree = "<group>";
		};
		E2D19138284CB90000E3E596 /* DataBase */ = {
			isa = PBXGroup;
			children = (
				E273E98D299D3B8A004C07A7 /* User */,
				E273E98C299D3B61004C07A7 /* Statistics */,
				E273E98B299D3B4D004C07A7 /* Workout */,
				E273E98E299D3BD1004C07A7 /* HistorySection */,
				E273E98F299D3BDF004C07A7 /* WorkoutParameters */,
			);
			path = DataBase;
			sourceTree = "<group>";
		};
		E2D2CB31285E233400F7EE3C /* Model */ = {
			isa = PBXGroup;
			children = (
				E2D2CB2F285E232C00F7EE3C /* WelcomeViewReason.swift */,
				E2D2CB32285F1F6500F7EE3C /* PagingInfo.swift */,
			);
			path = Model;
			sourceTree = "<group>";
		};
		E2E5B4C328DECE9A001B720D /* Charts */ = {
			isa = PBXGroup;
			children = (
				E2E5B4C428DECEB8001B720D /* DoneWorkoutsChartView.swift */,
			);
			path = Charts;
			sourceTree = "<group>";
		};
		E2E8EBF129959F57002476E1 /* StatisticsSellsView */ = {
			isa = PBXGroup;
			children = (
				E2E8EBF229959F78002476E1 /* StatisticsSellView.swift */,
				E273E962299D3564004C07A7 /* SuplementartViews */,
			);
			path = StatisticsSellsView;
			sourceTree = "<group>";
		};
		E2EFFA83285075DA00F70C97 /* Supplemetary Views */ = {
			isa = PBXGroup;
			children = (
				E2EFFA812850710800F70C97 /* AttentionMessageView.swift */,
				E2D2CB2D285E157F00F7EE3C /* WelcomeViewReasonCollectionViewCell.swift */,
				E2D2CB34285F219200F7EE3C /* PagingSectionFooterView.swift */,
			);
			path = "Supplemetary Views";
			sourceTree = "<group>";
		};
/* End PBXGroup section */

/* Begin PBXNativeTarget section */
		E275750029881FF200E47DA9 /* ClimbingHubCompanion Watch App */ = {
			isa = PBXNativeTarget;
			buildConfigurationList = E275750C29881FF400E47DA9 /* Build configuration list for PBXNativeTarget "ClimbingHubCompanion Watch App" */;
			buildPhases = (
				E27574FD29881FF200E47DA9 /* Sources */,
				E27574FE29881FF200E47DA9 /* Frameworks */,
				E27574FF29881FF200E47DA9 /* Resources */,
			);
			buildRules = (
			);
			dependencies = (
			);
			name = "ClimbingHubCompanion Watch App";
			productName = "ClimbingHubCompanion Watch App";
			productReference = E275750129881FF200E47DA9 /* ClimbingHubCompanion Watch App.app */;
			productType = "com.apple.product-type.application";
		};
		E2815184279AD7D900E8C2D4 /* ClimbingHub */ = {
			isa = PBXNativeTarget;
			buildConfigurationList = E2815199279AD7DB00E8C2D4 /* Build configuration list for PBXNativeTarget "ClimbingHub" */;
			buildPhases = (
				70F7A0A201DA7EFE85A0206C /* [CP] Check Pods Manifest.lock */,
				E2815181279AD7D900E8C2D4 /* Sources */,
				E2815182279AD7D900E8C2D4 /* Frameworks */,
				E2815183279AD7D900E8C2D4 /* Resources */,
				1DCA402239609AEDAABE633C /* [CP] Embed Pods Frameworks */,
			);
			buildRules = (
			);
			dependencies = (
			);
			name = ClimbingHub;
			productName = projectClimber;
			productReference = E2815185279AD7D900E8C2D4 /* ClimbingHub.app */;
			productType = "com.apple.product-type.application";
		};
/* End PBXNativeTarget section */

/* Begin PBXProject section */
		E281517D279AD7D900E8C2D4 /* Project object */ = {
			isa = PBXProject;
			attributes = {
				BuildIndependentTargetsInParallel = 1;
				LastSwiftUpdateCheck = 1420;
				LastUpgradeCheck = 1310;
				TargetAttributes = {
					E275750029881FF200E47DA9 = {
						CreatedOnToolsVersion = 14.2;
					};
					E2815184279AD7D900E8C2D4 = {
						CreatedOnToolsVersion = 13.1;
					};
				};
			};
			buildConfigurationList = E2815180279AD7D900E8C2D4 /* Build configuration list for PBXProject "projectClimber" */;
			compatibilityVersion = "Xcode 13.0";
			developmentRegion = en;
			hasScannedForEncodings = 0;
			knownRegions = (
				en,
				Base,
			);
			mainGroup = E281517C279AD7D900E8C2D4;
			productRefGroup = E2815186279AD7D900E8C2D4 /* Products */;
			projectDirPath = "";
			projectRoot = "";
			targets = (
				E2815184279AD7D900E8C2D4 /* ClimbingHub */,
				E275750029881FF200E47DA9 /* ClimbingHubCompanion Watch App */,
			);
		};
/* End PBXProject section */

/* Begin PBXResourcesBuildPhase section */
		E27574FF29881FF200E47DA9 /* Resources */ = {
			isa = PBXResourcesBuildPhase;
			buildActionMask = 2147483647;
			files = (
				E275750B29881FF400E47DA9 /* Preview Assets.xcassets in Resources */,
				E275750829881FF400E47DA9 /* Assets.xcassets in Resources */,
			);
			runOnlyForDeploymentPostprocessing = 0;
		};
		E2815183279AD7D900E8C2D4 /* Resources */ = {
			isa = PBXResourcesBuildPhase;
			buildActionMask = 2147483647;
			files = (
				E2815195279AD7DB00E8C2D4 /* LaunchScreen.storyboard in Resources */,
				E2815192279AD7DB00E8C2D4 /* Assets.xcassets in Resources */,
			);
			runOnlyForDeploymentPostprocessing = 0;
		};
/* End PBXResourcesBuildPhase section */

/* Begin PBXShellScriptBuildPhase section */
		1DCA402239609AEDAABE633C /* [CP] Embed Pods Frameworks */ = {
			isa = PBXShellScriptBuildPhase;
			buildActionMask = 2147483647;
			files = (
			);
			inputFileListPaths = (
				"${PODS_ROOT}/Target Support Files/Pods-ClimbingHub/Pods-ClimbingHub-frameworks-${CONFIGURATION}-input-files.xcfilelist",
			);
			name = "[CP] Embed Pods Frameworks";
			outputFileListPaths = (
				"${PODS_ROOT}/Target Support Files/Pods-ClimbingHub/Pods-ClimbingHub-frameworks-${CONFIGURATION}-output-files.xcfilelist",
			);
			runOnlyForDeploymentPostprocessing = 0;
			shellPath = /bin/sh;
			shellScript = "\"${PODS_ROOT}/Target Support Files/Pods-ClimbingHub/Pods-ClimbingHub-frameworks.sh\"\n";
			showEnvVarsInLog = 0;
		};
		70F7A0A201DA7EFE85A0206C /* [CP] Check Pods Manifest.lock */ = {
			isa = PBXShellScriptBuildPhase;
			buildActionMask = 2147483647;
			files = (
			);
			inputFileListPaths = (
			);
			inputPaths = (
				"${PODS_PODFILE_DIR_PATH}/Podfile.lock",
				"${PODS_ROOT}/Manifest.lock",
			);
			name = "[CP] Check Pods Manifest.lock";
			outputFileListPaths = (
			);
			outputPaths = (
				"$(DERIVED_FILE_DIR)/Pods-ClimbingHub-checkManifestLockResult.txt",
			);
			runOnlyForDeploymentPostprocessing = 0;
			shellPath = /bin/sh;
			shellScript = "diff \"${PODS_PODFILE_DIR_PATH}/Podfile.lock\" \"${PODS_ROOT}/Manifest.lock\" > /dev/null\nif [ $? != 0 ] ; then\n    # print error to STDERR\n    echo \"error: The sandbox is not in sync with the Podfile.lock. Run 'pod install' or update your CocoaPods installation.\" >&2\n    exit 1\nfi\n# This output is used by Xcode 'outputs' to avoid re-running this script phase.\necho \"SUCCESS\" > \"${SCRIPT_OUTPUT_FILE_0}\"\n";
			showEnvVarsInLog = 0;
		};
/* End PBXShellScriptBuildPhase section */

/* Begin PBXSourcesBuildPhase section */
		E27574FD29881FF200E47DA9 /* Sources */ = {
			isa = PBXSourcesBuildPhase;
			buildActionMask = 2147483647;
			files = (
				E275750629881FF200E47DA9 /* ContentView.swift in Sources */,
				E275750429881FF200E47DA9 /* ClimbingHubCompanionApp.swift in Sources */,
			);
			runOnlyForDeploymentPostprocessing = 0;
		};
		E2815181279AD7D900E8C2D4 /* Sources */ = {
			isa = PBXSourcesBuildPhase;
			buildActionMask = 2147483647;
			files = (
				E2815189279AD7D900E8C2D4 /* AppDelegate.swift in Sources */,
				E24DCBB127ECD9230002A7FC /* WorkoutsHistoryCollectionViewController.swift in Sources */,
				E273E96E299D36FB004C07A7 /* StatisticsType.swift in Sources */,
				E281518B279AD7D900E8C2D4 /* SceneDelegate.swift in Sources */,
				E2D2CB30285E232C00F7EE3C /* WelcomeViewReason.swift in Sources */,
				E205A87F27AD2A55002BA08B /* WorkoutViewController.swift in Sources */,
				E205A88127AD4DD0002BA08B /* FingerWorkoutViewController.swift in Sources */,
				E24DCBB027ECD9230002A7FC /* SectionHeaderWorkoutsHistoryView.swift in Sources */,
				E28859A82833F18B00303824 /* NotationView.swift in Sources */,
				E273E964299D3582004C07A7 /* WorkoutsDoneView.swift in Sources */,
				E2D1333C283A60E100AB2A9A /* EmailSentViewController.swift in Sources */,
				E2D2CB33285F1F6500F7EE3C /* PagingInfo.swift in Sources */,
				E2F1CFFB27BC1755007ADEE2 /* WorkoutStatisticsTableViewController.swift in Sources */,
				E256AD4A27FB697400D146CB /* CustomGoalSettingsViewController.swift in Sources */,
				E273E981299D39FF004C07A7 /* MakeTimeString-Ext.swift in Sources */,
				E273E978299D37C9004C07A7 /* HistorySection.swift in Sources */,
				E2F028BF2851DF3D001289E7 /* LocalProfileViewController.swift in Sources */,
				E205A87D27AD18F1002BA08B /* WorkoutCollectionViewCell.swift in Sources */,
				E2A94A87281FBE4A003061D0 /* WelcomeViewController.swift in Sources */,
				E27A68D327F779270006479D /* TimeGoalSettingsViewController.swift in Sources */,
				E205A87927AD174C002BA08B /* TabBarController.swift in Sources */,
				E2D2CB35285F219200F7EE3C /* PagingSectionFooterView.swift in Sources */,
				E273E972299D3747004C07A7 /* User.swift in Sources */,
				E2CA241A284C839100021E78 /* SceneDelegate-StateRestoration.swift in Sources */,
				E273E968299D35B9004C07A7 /* DailyGoalStatusView.swift in Sources */,
				E2E5B4C728E0B3F0001B720D /* BlankCollectionViewCell.swift in Sources */,
				E273E976299D3796004C07A7 /* Statistics.swift in Sources */,
				E24DCBAF27ECD9230002A7FC /* SectionHeaderView.swift in Sources */,
				E2F1CFFF27BC22C3007ADEE2 /* FirstTableViewCell.swift in Sources */,
				E273E983299D3A2A004C07A7 /* CombineWorkoutTime-Ext.swift in Sources */,
				E27A68D127F615C10006479D /* GoalPickerViewController.swift in Sources */,
				E273E96A299D36B9004C07A7 /* WorkoutGoal.swift in Sources */,
				E273E974299D3767004C07A7 /* StatContainer.swift in Sources */,
				E273E966299D35A0004C07A7 /* LongestHangView.swift in Sources */,
				E273E988299D3AF3004C07A7 /* RealmLocalConfig.swift in Sources */,
				E2401EEF2830EBE90098CDB4 /* DeleteAccountViewController.swift in Sources */,
				E273E985299D3A88004C07A7 /* HexadecimalUIColor-Ext.swift in Sources */,
				E2E8EBF329959F78002476E1 /* StatisticsSellView.swift in Sources */,
				E29BD37627FEEE4D003616A6 /* FingerViewTimeGoalViewController.swift in Sources */,
				E256AD4F27FC6CB400D146CB /* TitleCell.swift in Sources */,
				E256AD4C27FC6C8A00D146CB /* NumberOfSplitsStaticCell.swift in Sources */,
				E2E5B4C528DECEB8001B720D /* DoneWorkoutsChartView.swift in Sources */,
				E2D1913A284CE3D400E3E596 /* ForgotPasswordViewController.swift in Sources */,
				E273E96C299D36E2004C07A7 /* WorkoutType.swift in Sources */,
				E2A94A8B2820051A003061D0 /* ProfileSettingsTableViewController.swift in Sources */,
				E2401EED282BFB270098CDB4 /* NameChangingTableViewController.swift in Sources */,
				E22E7B2127BECA5C00ADE4C3 /* StatisticsCollectionViewCell.swift in Sources */,
				E2D0E2C8281A91C700397C79 /* NewAccountViewController.swift in Sources */,
				E27B660327D2A3C000239D5C /* FourthTableViewCell.swift in Sources */,
				E256AD5127FC6CCA00D146CB /* TimePickerCell.swift in Sources */,
				E273E970299D3725004C07A7 /* WorkoutInfoProtocol.swift in Sources */,
				E2401EEB282B99CA0098CDB4 /* ProfileManagementTableViewController.swift in Sources */,
				E205A87B27AD18B2002BA08B /* StatisticsCollectionViewController.swift in Sources */,
				E273E97A299D3807004C07A7 /* WorkoutParamters.swift in Sources */,
				E23678BE280469F90043F3E9 /* FingerWorkoutCustomGoalViewController.swift in Sources */,
				E2F1D00227BC26C7007ADEE2 /* SecondTableViewCell.swift in Sources */,
				E2D2CB2E285E157F00F7EE3C /* WelcomeViewReasonCollectionViewCell.swift in Sources */,
				E2EFFA822850710800F70C97 /* AttentionMessageView.swift in Sources */,
				E2A94A89281FDD06003061D0 /* SignInViewController.swift in Sources */,
				E273E97C299D39A6004C07A7 /* Workout.swift in Sources */,
				E2856B7127E7A73F00443E63 /* SplitTableViewCell.swift in Sources */,
				E2FFD4F327BD4623004AADEC /* ThirdTableViewCell.swift in Sources */,
				E24DCBAE27ECD9230002A7FC /* ShowMoreButtonHeaderView.swift in Sources */,
				E273E98A299D3B23004C07A7 /* CorrectEmailRegexFormat-Ext.swift in Sources */,
			);
			runOnlyForDeploymentPostprocessing = 0;
		};
/* End PBXSourcesBuildPhase section */

/* Begin PBXVariantGroup section */
		E2815193279AD7DB00E8C2D4 /* LaunchScreen.storyboard */ = {
			isa = PBXVariantGroup;
			children = (
				E2815194279AD7DB00E8C2D4 /* Base */,
			);
			name = LaunchScreen.storyboard;
			sourceTree = "<group>";
		};
/* End PBXVariantGroup section */

/* Begin XCBuildConfiguration section */
		E275750D29881FF400E47DA9 /* Debug */ = {
			isa = XCBuildConfiguration;
			buildSettings = {
				ASSETCATALOG_COMPILER_APPICON_NAME = AppIcon;
				ASSETCATALOG_COMPILER_GLOBAL_ACCENT_COLOR_NAME = AccentColor;
				CLANG_CXX_LANGUAGE_STANDARD = "gnu++20";
				CODE_SIGN_STYLE = Automatic;
				CURRENT_PROJECT_VERSION = 1;
				DEVELOPMENT_ASSET_PATHS = "\"ClimbingHubCompanion Watch App/Preview Content\"";
				DEVELOPMENT_TEAM = KWBL32UU3W;
				ENABLE_PREVIEWS = YES;
				GENERATE_INFOPLIST_FILE = YES;
				INFOPLIST_KEY_CFBundleDisplayName = ClimbingHubCompanion;
				INFOPLIST_KEY_UISupportedInterfaceOrientations = "UIInterfaceOrientationPortrait UIInterfaceOrientationPortraitUpsideDown";
				INFOPLIST_KEY_WKCompanionAppBundleIdentifier = "";
				LD_RUNPATH_SEARCH_PATHS = (
					"$(inherited)",
					"@executable_path/Frameworks",
				);
				MARKETING_VERSION = 1.0;
				PRODUCT_BUNDLE_IDENTIFIER = .watchkitapp;
				PRODUCT_NAME = "$(TARGET_NAME)";
				SDKROOT = watchos;
				SKIP_INSTALL = YES;
				SWIFT_EMIT_LOC_STRINGS = YES;
				SWIFT_VERSION = 5.0;
				TARGETED_DEVICE_FAMILY = 4;
				WATCHOS_DEPLOYMENT_TARGET = 9.1;
			};
			name = Debug;
		};
		E275750E29881FF400E47DA9 /* Release */ = {
			isa = XCBuildConfiguration;
			buildSettings = {
				ASSETCATALOG_COMPILER_APPICON_NAME = AppIcon;
				ASSETCATALOG_COMPILER_GLOBAL_ACCENT_COLOR_NAME = AccentColor;
				CLANG_CXX_LANGUAGE_STANDARD = "gnu++20";
				CODE_SIGN_STYLE = Automatic;
				CURRENT_PROJECT_VERSION = 1;
				DEVELOPMENT_ASSET_PATHS = "\"ClimbingHubCompanion Watch App/Preview Content\"";
				DEVELOPMENT_TEAM = KWBL32UU3W;
				ENABLE_PREVIEWS = YES;
				GENERATE_INFOPLIST_FILE = YES;
				INFOPLIST_KEY_CFBundleDisplayName = ClimbingHubCompanion;
				INFOPLIST_KEY_UISupportedInterfaceOrientations = "UIInterfaceOrientationPortrait UIInterfaceOrientationPortraitUpsideDown";
				INFOPLIST_KEY_WKCompanionAppBundleIdentifier = "";
				LD_RUNPATH_SEARCH_PATHS = (
					"$(inherited)",
					"@executable_path/Frameworks",
				);
				MARKETING_VERSION = 1.0;
				PRODUCT_BUNDLE_IDENTIFIER = .watchkitapp;
				PRODUCT_NAME = "$(TARGET_NAME)";
				SDKROOT = watchos;
				SKIP_INSTALL = YES;
				SWIFT_EMIT_LOC_STRINGS = YES;
				SWIFT_VERSION = 5.0;
				TARGETED_DEVICE_FAMILY = 4;
				WATCHOS_DEPLOYMENT_TARGET = 9.1;
			};
			name = Release;
		};
		E2815197279AD7DB00E8C2D4 /* Debug */ = {
			isa = XCBuildConfiguration;
			buildSettings = {
				ALWAYS_SEARCH_USER_PATHS = NO;
				CLANG_ANALYZER_NONNULL = YES;
				CLANG_ANALYZER_NUMBER_OBJECT_CONVERSION = YES_AGGRESSIVE;
				CLANG_CXX_LANGUAGE_STANDARD = "gnu++17";
				CLANG_CXX_LIBRARY = "libc++";
				CLANG_ENABLE_MODULES = YES;
				CLANG_ENABLE_OBJC_ARC = YES;
				CLANG_ENABLE_OBJC_WEAK = YES;
				CLANG_WARN_BLOCK_CAPTURE_AUTORELEASING = YES;
				CLANG_WARN_BOOL_CONVERSION = YES;
				CLANG_WARN_COMMA = YES;
				CLANG_WARN_CONSTANT_CONVERSION = YES;
				CLANG_WARN_DEPRECATED_OBJC_IMPLEMENTATIONS = YES;
				CLANG_WARN_DIRECT_OBJC_ISA_USAGE = YES_ERROR;
				CLANG_WARN_DOCUMENTATION_COMMENTS = YES;
				CLANG_WARN_EMPTY_BODY = YES;
				CLANG_WARN_ENUM_CONVERSION = YES;
				CLANG_WARN_INFINITE_RECURSION = YES;
				CLANG_WARN_INT_CONVERSION = YES;
				CLANG_WARN_NON_LITERAL_NULL_CONVERSION = YES;
				CLANG_WARN_OBJC_IMPLICIT_RETAIN_SELF = YES;
				CLANG_WARN_OBJC_LITERAL_CONVERSION = YES;
				CLANG_WARN_OBJC_ROOT_CLASS = YES_ERROR;
				CLANG_WARN_QUOTED_INCLUDE_IN_FRAMEWORK_HEADER = YES;
				CLANG_WARN_RANGE_LOOP_ANALYSIS = YES;
				CLANG_WARN_STRICT_PROTOTYPES = YES;
				CLANG_WARN_SUSPICIOUS_MOVE = YES;
				CLANG_WARN_UNGUARDED_AVAILABILITY = YES_AGGRESSIVE;
				CLANG_WARN_UNREACHABLE_CODE = YES;
				CLANG_WARN__DUPLICATE_METHOD_MATCH = YES;
				COPY_PHASE_STRIP = NO;
				DEBUG_INFORMATION_FORMAT = dwarf;
				ENABLE_STRICT_OBJC_MSGSEND = YES;
				ENABLE_TESTABILITY = YES;
				EXCLUDED_ARCHS = "";
				GCC_C_LANGUAGE_STANDARD = gnu11;
				GCC_DYNAMIC_NO_PIC = NO;
				GCC_NO_COMMON_BLOCKS = YES;
				GCC_OPTIMIZATION_LEVEL = 0;
				GCC_PREPROCESSOR_DEFINITIONS = (
					"DEBUG=1",
					"$(inherited)",
				);
				GCC_WARN_64_TO_32_BIT_CONVERSION = YES;
				GCC_WARN_ABOUT_RETURN_TYPE = YES_ERROR;
				GCC_WARN_UNDECLARED_SELECTOR = YES;
				GCC_WARN_UNINITIALIZED_AUTOS = YES_AGGRESSIVE;
				GCC_WARN_UNUSED_FUNCTION = YES;
				GCC_WARN_UNUSED_VARIABLE = YES;
				IPHONEOS_DEPLOYMENT_TARGET = 15.0;
				MTL_ENABLE_DEBUG_INFO = INCLUDE_SOURCE;
				MTL_FAST_MATH = YES;
				ONLY_ACTIVE_ARCH = YES;
				SDKROOT = iphoneos;
				SWIFT_ACTIVE_COMPILATION_CONDITIONS = DEBUG;
				SWIFT_OPTIMIZATION_LEVEL = "-Onone";
			};
			name = Debug;
		};
		E2815198279AD7DB00E8C2D4 /* Release */ = {
			isa = XCBuildConfiguration;
			buildSettings = {
				ALWAYS_SEARCH_USER_PATHS = NO;
				CLANG_ANALYZER_NONNULL = YES;
				CLANG_ANALYZER_NUMBER_OBJECT_CONVERSION = YES_AGGRESSIVE;
				CLANG_CXX_LANGUAGE_STANDARD = "gnu++17";
				CLANG_CXX_LIBRARY = "libc++";
				CLANG_ENABLE_MODULES = YES;
				CLANG_ENABLE_OBJC_ARC = YES;
				CLANG_ENABLE_OBJC_WEAK = YES;
				CLANG_WARN_BLOCK_CAPTURE_AUTORELEASING = YES;
				CLANG_WARN_BOOL_CONVERSION = YES;
				CLANG_WARN_COMMA = YES;
				CLANG_WARN_CONSTANT_CONVERSION = YES;
				CLANG_WARN_DEPRECATED_OBJC_IMPLEMENTATIONS = YES;
				CLANG_WARN_DIRECT_OBJC_ISA_USAGE = YES_ERROR;
				CLANG_WARN_DOCUMENTATION_COMMENTS = YES;
				CLANG_WARN_EMPTY_BODY = YES;
				CLANG_WARN_ENUM_CONVERSION = YES;
				CLANG_WARN_INFINITE_RECURSION = YES;
				CLANG_WARN_INT_CONVERSION = YES;
				CLANG_WARN_NON_LITERAL_NULL_CONVERSION = YES;
				CLANG_WARN_OBJC_IMPLICIT_RETAIN_SELF = YES;
				CLANG_WARN_OBJC_LITERAL_CONVERSION = YES;
				CLANG_WARN_OBJC_ROOT_CLASS = YES_ERROR;
				CLANG_WARN_QUOTED_INCLUDE_IN_FRAMEWORK_HEADER = YES;
				CLANG_WARN_RANGE_LOOP_ANALYSIS = YES;
				CLANG_WARN_STRICT_PROTOTYPES = YES;
				CLANG_WARN_SUSPICIOUS_MOVE = YES;
				CLANG_WARN_UNGUARDED_AVAILABILITY = YES_AGGRESSIVE;
				CLANG_WARN_UNREACHABLE_CODE = YES;
				CLANG_WARN__DUPLICATE_METHOD_MATCH = YES;
				COPY_PHASE_STRIP = NO;
				DEBUG_INFORMATION_FORMAT = "dwarf-with-dsym";
				ENABLE_NS_ASSERTIONS = NO;
				ENABLE_STRICT_OBJC_MSGSEND = YES;
				EXCLUDED_ARCHS = "";
				GCC_C_LANGUAGE_STANDARD = gnu11;
				GCC_NO_COMMON_BLOCKS = YES;
				GCC_WARN_64_TO_32_BIT_CONVERSION = YES;
				GCC_WARN_ABOUT_RETURN_TYPE = YES_ERROR;
				GCC_WARN_UNDECLARED_SELECTOR = YES;
				GCC_WARN_UNINITIALIZED_AUTOS = YES_AGGRESSIVE;
				GCC_WARN_UNUSED_FUNCTION = YES;
				GCC_WARN_UNUSED_VARIABLE = YES;
				IPHONEOS_DEPLOYMENT_TARGET = 15.0;
				MTL_ENABLE_DEBUG_INFO = NO;
				MTL_FAST_MATH = YES;
				SDKROOT = iphoneos;
				SWIFT_COMPILATION_MODE = wholemodule;
				SWIFT_OPTIMIZATION_LEVEL = "-O";
				VALIDATE_PRODUCT = YES;
			};
			name = Release;
		};
		E281519A279AD7DB00E8C2D4 /* Debug */ = {
			isa = XCBuildConfiguration;
			baseConfigurationReference = AB80F752B7B699D9BD67B18A /* Pods-ClimbingHub.debug.xcconfig */;
			buildSettings = {
				ASSETCATALOG_COMPILER_APPICON_NAME = AppIcon;
				ASSETCATALOG_COMPILER_GLOBAL_ACCENT_COLOR_NAME = AccentColor;
				ASSETCATALOG_COMPILER_INCLUDE_ALL_APPICON_ASSETS = NO;
				CODE_SIGN_IDENTITY = "Apple Development";
				CODE_SIGN_STYLE = Automatic;
				CURRENT_PROJECT_VERSION = 2;
				DEVELOPMENT_TEAM = KWBL32UU3W;
				EXCLUDED_ARCHS = "";
				GENERATE_INFOPLIST_FILE = YES;
				INFOPLIST_FILE = projectClimber/Info.plist;
				INFOPLIST_KEY_UIApplicationSupportsIndirectInputEvents = YES;
				INFOPLIST_KEY_UILaunchStoryboardName = LaunchScreen;
				INFOPLIST_KEY_UISupportedInterfaceOrientations = UIInterfaceOrientationPortrait;
				INFOPLIST_KEY_UISupportedInterfaceOrientations_iPad = "UIInterfaceOrientationPortrait UIInterfaceOrientationPortraitUpsideDown";
				INFOPLIST_KEY_UISupportedInterfaceOrientations_iPhone = UIInterfaceOrientationPortrait;
				IPHONEOS_DEPLOYMENT_TARGET = 15.0;
				LD_RUNPATH_SEARCH_PATHS = (
					"$(inherited)",
					"@executable_path/Frameworks",
				);
				MARKETING_VERSION = 2;
				PRODUCT_BUNDLE_IDENTIFIER = "kattyrina77-gmail.com.projectClimber";
				PRODUCT_NAME = "$(TARGET_NAME)";
				SWIFT_EMIT_LOC_STRINGS = YES;
				SWIFT_VERSION = 5.0;
				TARGETED_DEVICE_FAMILY = 1;
			};
			name = Debug;
		};
		E281519B279AD7DB00E8C2D4 /* Release */ = {
			isa = XCBuildConfiguration;
			baseConfigurationReference = 17BD0D8E43F7AA213B04EFFD /* Pods-ClimbingHub.release.xcconfig */;
			buildSettings = {
				ASSETCATALOG_COMPILER_APPICON_NAME = AppIcon;
				ASSETCATALOG_COMPILER_GLOBAL_ACCENT_COLOR_NAME = AccentColor;
				ASSETCATALOG_COMPILER_INCLUDE_ALL_APPICON_ASSETS = NO;
				CODE_SIGN_IDENTITY = "Apple Development";
				CODE_SIGN_STYLE = Automatic;
				CURRENT_PROJECT_VERSION = 2;
				DEVELOPMENT_TEAM = KWBL32UU3W;
				EXCLUDED_ARCHS = "";
				GENERATE_INFOPLIST_FILE = YES;
				INFOPLIST_FILE = projectClimber/Info.plist;
				INFOPLIST_KEY_UIApplicationSupportsIndirectInputEvents = YES;
				INFOPLIST_KEY_UILaunchStoryboardName = LaunchScreen;
				INFOPLIST_KEY_UISupportedInterfaceOrientations = UIInterfaceOrientationPortrait;
				INFOPLIST_KEY_UISupportedInterfaceOrientations_iPad = "UIInterfaceOrientationPortrait UIInterfaceOrientationPortraitUpsideDown";
				INFOPLIST_KEY_UISupportedInterfaceOrientations_iPhone = UIInterfaceOrientationPortrait;
				IPHONEOS_DEPLOYMENT_TARGET = 15.0;
				LD_RUNPATH_SEARCH_PATHS = (
					"$(inherited)",
					"@executable_path/Frameworks",
				);
				MARKETING_VERSION = 2;
				PRODUCT_BUNDLE_IDENTIFIER = "kattyrina77-gmail.com.projectClimber";
				PRODUCT_NAME = "$(TARGET_NAME)";
				SWIFT_EMIT_LOC_STRINGS = YES;
				SWIFT_VERSION = 5.0;
				TARGETED_DEVICE_FAMILY = 1;
			};
			name = Release;
		};
/* End XCBuildConfiguration section */

/* Begin XCConfigurationList section */
		E275750C29881FF400E47DA9 /* Build configuration list for PBXNativeTarget "ClimbingHubCompanion Watch App" */ = {
			isa = XCConfigurationList;
			buildConfigurations = (
				E275750D29881FF400E47DA9 /* Debug */,
				E275750E29881FF400E47DA9 /* Release */,
			);
			defaultConfigurationIsVisible = 0;
			defaultConfigurationName = Release;
		};
		E2815180279AD7D900E8C2D4 /* Build configuration list for PBXProject "projectClimber" */ = {
			isa = XCConfigurationList;
			buildConfigurations = (
				E2815197279AD7DB00E8C2D4 /* Debug */,
				E2815198279AD7DB00E8C2D4 /* Release */,
			);
			defaultConfigurationIsVisible = 0;
			defaultConfigurationName = Release;
		};
		E2815199279AD7DB00E8C2D4 /* Build configuration list for PBXNativeTarget "ClimbingHub" */ = {
			isa = XCConfigurationList;
			buildConfigurations = (
				E281519A279AD7DB00E8C2D4 /* Debug */,
				E281519B279AD7DB00E8C2D4 /* Release */,
			);
			defaultConfigurationIsVisible = 0;
			defaultConfigurationName = Release;
		};
/* End XCConfigurationList section */
	};
	rootObject = E281517D279AD7D900E8C2D4 /* Project object */;
}
